
Microsoft Visual Studio Solution File, Format Version 12.00
# Visual Studio 14
VisualStudioVersion = 14.0.25420.1
MinimumVisualStudioVersion = 10.0.40219.1
Project("{FAE04EC0-301F-11D3-BF4B-00C04F79EFBC}") = "MMM", "MMM\MMM.csproj", "{5AA36030-4BB9-45AF-8A28-44589F711FD5}"
EndProject
Project("{FAE04EC0-301F-11D3-BF4B-00C04F79EFBC}") = "MMM.Tests", "MMM.Tests\MMM.Tests.csproj", "{3E6B325A-9310-461B-85BF-E376CC34792F}"
EndProject
Global
	GlobalSection(SolutionConfigurationPlatforms) = preSolution
		Debug|Any CPU = Debug|Any CPU
		Release|Any CPU = Release|Any CPU
	EndGlobalSection
	GlobalSection(ProjectConfigurationPlatforms) = postSolution
		{5AA36030-4BB9-45AF-8A28-44589F711FD5}.Debug|Any CPU.ActiveCfg = Debug|Any CPU
		{5AA36030-4BB9-45AF-8A28-44589F711FD5}.Debug|Any CPU.Build.0 = Debug|Any CPU
		{5AA36030-4BB9-45AF-8A28-44589F711FD5}.Release|Any CPU.ActiveCfg = Release|Any CPU
		{5AA36030-4BB9-45AF-8A28-44589F711FD5}.Release|Any CPU.Build.0 = Release|Any CPU
		{3E6B325A-9310-461B-85BF-E376CC34792F}.Debug|Any CPU.ActiveCfg = Debug|Any CPU
		{3E6B325A-9310-461B-85BF-E376CC34792F}.Debug|Any CPU.Build.0 = Debug|Any CPU
		{3E6B325A-9310-461B-85BF-E376CC34792F}.Release|Any CPU.ActiveCfg = Release|Any CPU
		{3E6B325A-9310-461B-85BF-E376CC34792F}.Release|Any CPU.Build.0 = Release|Any CPU
	EndGlobalSection
	GlobalSection(SolutionProperties) = preSolution
		HideSolutionNode = FALSE
	EndGlobalSection
EndGlobal
